
Microsoft Visual Studio Solution File, Format Version 12.00
# Visual Studio 15
VisualStudioVersion = 15.0.27130.0
MinimumVisualStudioVersion = 10.0.40219.1
Project("{FAE04EC0-301F-11D3-BF4B-00C04F79EFBC}") = "ProxyLeecher", "ProxyLeecher\ProxyLeecher.csproj", "{C181B27D-DE1D-45F0-A5C0-54A5F928C0F0}"
EndProject
Global
	GlobalSection(SolutionConfigurationPlatforms) = preSolution
		Debug|Any CPU = Debug|Any CPU
		Release|Any CPU = Release|Any CPU
	EndGlobalSection
	GlobalSection(ProjectConfigurationPlatforms) = postSolution
		{C181B27D-DE1D-45F0-A5C0-54A5F928C0F0}.Debug|Any CPU.ActiveCfg = Debug|Any CPU
		{C181B27D-DE1D-45F0-A5C0-54A5F928C0F0}.Debug|Any CPU.Build.0 = Debug|Any CPU
		{C181B27D-DE1D-45F0-A5C0-54A5F928C0F0}.Release|Any CPU.ActiveCfg = Release|Any CPU
		{C181B27D-DE1D-45F0-A5C0-54A5F928C0F0}.Release|Any CPU.Build.0 = Release|Any CPU
	EndGlobalSection
	GlobalSection(SolutionProperties) = preSolution
		HideSolutionNode = FALSE
	EndGlobalSection
	GlobalSection(ExtensibilityGlobals) = postSolution
		SolutionGuid = {BC74F66D-9A4C-4592-9580-61F263A41577}
	EndGlobalSection
EndGlobal
